// !$*UTF8*$!
{
	archiveVersion = 1;
	classes = {
	};
	objectVersion = 46;
	objects = {

/* Begin PBXBuildFile section */
		1B62B55F1AF74D1F0025BB73 /* AppDelegate.swift in Sources */ = {isa = PBXBuildFile; fileRef = 1B62B55E1AF74D1F0025BB73 /* AppDelegate.swift */; };
		1B62B5611AF74D1F0025BB73 /* ViewController.swift in Sources */ = {isa = PBXBuildFile; fileRef = 1B62B5601AF74D1F0025BB73 /* ViewController.swift */; };
		1B62B5641AF74D1F0025BB73 /* Main.storyboard in Resources */ = {isa = PBXBuildFile; fileRef = 1B62B5621AF74D1F0025BB73 /* Main.storyboard */; };
		1B62B5661AF74D1F0025BB73 /* Images.xcassets in Resources */ = {isa = PBXBuildFile; fileRef = 1B62B5651AF74D1F0025BB73 /* Images.xcassets */; };
		1B62B5691AF74D1F0025BB73 /* LaunchScreen.xib in Resources */ = {isa = PBXBuildFile; fileRef = 1B62B5671AF74D1F0025BB73 /* LaunchScreen.xib */; };
		1B62B5751AF74D200025BB73 /* ObjectiveCinSwiftTests.swift in Sources */ = {isa = PBXBuildFile; fileRef = 1B62B5741AF74D200025BB73 /* ObjectiveCinSwiftTests.swift */; };
/* End PBXBuildFile section */

/* Begin PBXContainerItemProxy section */
		1B62B56F1AF74D200025BB73 /* PBXContainerItemProxy */ = {
			isa = PBXContainerItemProxy;
			containerPortal = 1B62B5511AF74D1F0025BB73 /* Project object */;
			proxyType = 1;
			remoteGlobalIDString = 1B62B5581AF74D1F0025BB73;
			remoteInfo = ObjectiveCinSwift;
		};
/* End PBXContainerItemProxy section */

/* Begin PBXFileReference section */
		1B62B5591AF74D1F0025BB73 /* ObjectiveCinSwift.app */ = {isa = PBXFileReference; explicitFileType = wrapper.application; includeInIndex = 0; path = ObjectiveCinSwift.app; sourceTree = BUILT_PRODUCTS_DIR; };
		1B62B55D1AF74D1F0025BB73 /* Info.plist */ = {isa = PBXFileReference; lastKnownFileType = text.plist.xml; path = Info.plist; sourceTree = "<group>"; };
		1B62B55E1AF74D1F0025BB73 /* AppDelegate.swift */ = {isa = PBXFileReference; lastKnownFileType = sourcecode.swift; path = AppDelegate.swift; sourceTree = "<group>"; };
		1B62B5601AF74D1F0025BB73 /* ViewController.swift */ = {isa = PBXFileReference; lastKnownFileType = sourcecode.swift; path = ViewController.swift; sourceTree = "<group>"; };
		1B62B5631AF74D1F0025BB73 /* Base */ = {isa = PBXFileReference; lastKnownFileType = file.storyboard; name = Base; path = Base.lproj/Main.storyboard; sourceTree = "<group>"; };
		1B62B5651AF74D1F0025BB73 /* Images.xcassets */ = {isa = PBXFileReference; lastKnownFileType = folder.assetcatalog; path = Images.xcassets; sourceTree = "<group>"; };
		1B62B5681AF74D1F0025BB73 /* Base */ = {isa = PBXFileReference; lastKnownFileType = file.xib; name = Base; path = Base.lproj/LaunchScreen.xib; sourceTree = "<group>"; };
		1B62B56E1AF74D200025BB73 /* ObjectiveCinSwiftTests.xctest */ = {isa = PBXFileReference; explicitFileType = wrapper.cfbundle; includeInIndex = 0; path = ObjectiveCinSwiftTests.xctest; sourceTree = BUILT_PRODUCTS_DIR; };
		1B62B5731AF74D200025BB73 /* Info.plist */ = {isa = PBXFileReference; lastKnownFileType = text.plist.xml; path = Info.plist; sourceTree = "<group>"; };
		1B62B5741AF74D200025BB73 /* ObjectiveCinSwiftTests.swift */ = {isa = PBXFileReference; lastKnownFileType = sourcecode.swift; path = ObjectiveCinSwiftTests.swift; sourceTree = "<group>"; };
/* End PBXFileReference section */

/* Begin PBXFrameworksBuildPhase section */
		1B62B5561AF74D1F0025BB73 /* Frameworks */ = {
			isa = PBXFrameworksBuildPhase;
			buildActionMask = 2147483647;
			files = (
			);
			runOnlyForDeploymentPostprocessing = 0;
		};
		1B62B56B1AF74D200025BB73 /* Frameworks */ = {
			isa = PBXFrameworksBuildPhase;
			buildActionMask = 2147483647;
			files = (
			);
			runOnlyForDeploymentPostprocessing = 0;
		};
/* End PBXFrameworksBuildPhase section */

/* Begin PBXGroup section */
		1B62B5501AF74D1F0025BB73 = {
			isa = PBXGroup;
			children = (
				1B62B55B1AF74D1F0025BB73 /* ObjectiveCinSwift */,
				1B62B5711AF74D200025BB73 /* ObjectiveCinSwiftTests */,
				1B62B55A1AF74D1F0025BB73 /* Products */,
			);
			sourceTree = "<group>";
		};
		1B62B55A1AF74D1F0025BB73 /* Products */ = {
			isa = PBXGroup;
			children = (
				1B62B5591AF74D1F0025BB73 /* ObjectiveCinSwift.app */,
				1B62B56E1AF74D200025BB73 /* ObjectiveCinSwiftTests.xctest */,
			);
			name = Products;
			sourceTree = "<group>";
		};
		1B62B55B1AF74D1F0025BB73 /* ObjectiveCinSwift */ = {
			isa = PBXGroup;
			children = (
				1B62B55E1AF74D1F0025BB73 /* AppDelegate.swift */,
				1B62B5601AF74D1F0025BB73 /* ViewController.swift */,
				1B62B5621AF74D1F0025BB73 /* Main.storyboard */,
				1B62B5651AF74D1F0025BB73 /* Images.xcassets */,
				1B62B5671AF74D1F0025BB73 /* LaunchScreen.xib */,
				1B62B55C1AF74D1F0025BB73 /* Supporting Files */,
			);
			path = ObjectiveCinSwift;
			sourceTree = "<group>";
		};
		1B62B55C1AF74D1F0025BB73 /* Supporting Files */ = {
			isa = PBXGroup;
			children = (
				1B62B55D1AF74D1F0025BB73 /* Info.plist */,
			);
			name = "Supporting Files";
			sourceTree = "<group>";
		};
		1B62B5711AF74D200025BB73 /* ObjectiveCinSwiftTests */ = {
			isa = PBXGroup;
			children = (
				1B62B5741AF74D200025BB73 /* ObjectiveCinSwiftTests.swift */,
				1B62B5721AF74D200025BB73 /* Supporting Files */,
			);
			path = ObjectiveCinSwiftTests;
			sourceTree = "<group>";
		};
		1B62B5721AF74D200025BB73 /* Supporting Files */ = {
			isa = PBXGroup;
			children = (
				1B62B5731AF74D200025BB73 /* Info.plist */,
			);
			name = "Supporting Files";
			sourceTree = "<group>";
		};
/* End PBXGroup section */

/* Begin PBXNativeTarget section */
		1B62B5581AF74D1F0025BB73 /* ObjectiveCinSwift */ = {
			isa = PBXNativeTarget;
			buildConfigurationList = 1B62B5781AF74D200025BB73 /* Build configuration list for PBXNativeTarget "ObjectiveCinSwift" */;
			buildPhases = (
				1B62B5551AF74D1F0025BB73 /* Sources */,
				1B62B5561AF74D1F0025BB73 /* Frameworks */,
				1B62B5571AF74D1F0025BB73 /* Resources */,
			);
			buildRules = (
			);
			dependencies = (
			);
			name = ObjectiveCinSwift;
			productName = ObjectiveCinSwift;
			productReference = 1B62B5591AF74D1F0025BB73 /* ObjectiveCinSwift.app */;
			productType = "com.apple.product-type.application";
		};
		1B62B56D1AF74D200025BB73 /* ObjectiveCinSwiftTests */ = {
			isa = PBXNativeTarget;
			buildConfigurationList = 1B62B57B1AF74D200025BB73 /* Build configuration list for PBXNativeTarget "ObjectiveCinSwiftTests" */;
			buildPhases = (
				1B62B56A1AF74D200025BB73 /* Sources */,
				1B62B56B1AF74D200025BB73 /* Frameworks */,
				1B62B56C1AF74D200025BB73 /* Resources */,
			);
			buildRules = (
			);
			dependencies = (
				1B62B5701AF74D200025BB73 /* PBXTargetDependency */,
			);
			name = ObjectiveCinSwiftTests;
			productName = ObjectiveCinSwiftTests;
			productReference = 1B62B56E1AF74D200025BB73 /* ObjectiveCinSwiftTests.xctest */;
			productType = "com.apple.product-type.bundle.unit-test";
		};
/* End PBXNativeTarget section */

/* Begin PBXProject section */
		1B62B5511AF74D1F0025BB73 /* Project object */ = {
			isa = PBXProject;
			attributes = {
				LastUpgradeCheck = 0630;
				ORGANIZATIONNAME = amolchavan;
				TargetAttributes = {
					1B62B5581AF74D1F0025BB73 = {
						CreatedOnToolsVersion = 6.3.1;
					};
					1B62B56D1AF74D200025BB73 = {
						CreatedOnToolsVersion = 6.3.1;
						TestTargetID = 1B62B5581AF74D1F0025BB73;
					};
				};
			};
			buildConfigurationList = 1B62B5541AF74D1F0025BB73 /* Build configuration list for PBXProject "ObjectiveCinSwift" */;
			compatibilityVersion = "Xcode 3.2";
			developmentRegion = English;
			hasScannedForEncodings = 0;
			knownRegions = (
				en,
				Base,
			);
			mainGroup = 1B62B5501AF74D1F0025BB73;
			productRefGroup = 1B62B55A1AF74D1F0025BB73 /* Products */;
			projectDirPath = "";
			projectRoot = "";
			targets = (
				1B62B5581AF74D1F0025BB73 /* ObjectiveCinSwift */,
				1B62B56D1AF74D200025BB73 /* ObjectiveCinSwiftTests */,
			);
		};
/* End PBXProject section */

/* Begin PBXResourcesBuildPhase section */
		1B62B5571AF74D1F0025BB73 /* Resources */ = {
			isa = PBXResourcesBuildPhase;
			buildActionMask = 2147483647;
			files = (
				1B62B5641AF74D1F0025BB73 /* Main.storyboard in Resources */,
				1B62B5691AF74D1F0025BB73 /* LaunchScreen.xib in Resources */,
				1B62B5661AF74D1F0025BB73 /* Images.xcassets in Resources */,
			);
			runOnlyForDeploymentPostprocessing = 0;
		};
		1B62B56C1AF74D200025BB73 /* Resources */ = {
			isa = PBXResourcesBuildPhase;
			buildActionMask = 2147483647;
			files = (
			);
			runOnlyForDeploymentPostprocessing = 0;
		};
/* End PBXResourcesBuildPhase section */

/* Begin PBXSourcesBuildPhase section */
		1B62B5551AF74D1F0025BB73 /* Sources */ = {
			isa = PBXSourcesBuildPhase;
			buildActionMask = 2147483647;
			files = (
				1B62B5611AF74D1F0025BB73 /* ViewController.swift in Sources */,
				1B62B55F1AF74D1F0025BB73 /* AppDelegate.swift in Sources */,
			);
			runOnlyForDeploymentPostprocessing = 0;
		};
		1B62B56A1AF74D200025BB73 /* Sources */ = {
			isa = PBXSourcesBuildPhase;
			buildActionMask = 2147483647;
			files = (
				1B62B5751AF74D200025BB73 /* ObjectiveCinSwiftTests.swift in Sources */,
			);
			runOnlyForDeploymentPostprocessing = 0;
		};
/* End PBXSourcesBuildPhase section */

/* Begin PBXTargetDependency section */
		1B62B5701AF74D200025BB73 /* PBXTargetDependency */ = {
			isa = PBXTargetDependency;
			target = 1B62B5581AF74D1F0025BB73 /* ObjectiveCinSwift */;
			targetProxy = 1B62B56F1AF74D200025BB73 /* PBXContainerItemProxy */;
		};
/* End PBXTargetDependency section */

/* Begin PBXVariantGroup section */
		1B62B5621AF74D1F0025BB73 /* Main.storyboard */ = {
			isa = PBXVariantGroup;
			children = (
				1B62B5631AF74D1F0025BB73 /* Base */,
			);
			name = Main.storyboard;
			sourceTree = "<group>";
		};
		1B62B5671AF74D1F0025BB73 /* LaunchScreen.xib */ = {
			isa = PBXVariantGroup;
			children = (
				1B62B5681AF74D1F0025BB73 /* Base */,
			);
			name = LaunchScreen.xib;
			sourceTree = "<group>";
		};
/* End PBXVariantGroup section */

/* Begin XCBuildConfiguration section */
		1B62B5761AF74D200025BB73 /* Debug */ = {
			isa = XCBuildConfiguration;
			buildSettings = {
				ALWAYS_SEARCH_USER_PATHS = NO;
				CLANG_CXX_LANGUAGE_STANDARD = "gnu++0x";
				CLANG_CXX_LIBRARY = "libc++";
				CLANG_ENABLE_MODULES = YES;
				CLANG_ENABLE_OBJC_ARC = YES;
				CLANG_WARN_BOOL_CONVERSION = YES;
				CLANG_WARN_CONSTANT_CONVERSION = YES;
				CLANG_WARN_DIRECT_OBJC_ISA_USAGE = YES_ERROR;
				CLANG_WARN_EMPTY_BODY = YES;
				CLANG_WARN_ENUM_CONVERSION = YES;
				CLANG_WARN_INT_CONVERSION = YES;
				CLANG_WARN_OBJC_ROOT_CLASS = YES_ERROR;
				CLANG_WARN_UNREACHABLE_CODE = YES;
				CLANG_WARN__DUPLICATE_METHOD_MATCH = YES;
				"CODE_SIGN_IDENTITY[sdk=iphoneos*]" = "iPhone Developer";
				COPY_PHASE_STRIP = NO;
				DEBUG_INFORMATION_FORMAT = "dwarf-with-dsym";
				ENABLE_STRICT_OBJC_MSGSEND = YES;
				GCC_C_LANGUAGE_STANDARD = gnu99;
				GCC_DYNAMIC_NO_PIC = NO;
				GCC_NO_COMMON_BLOCKS = YES;
				GCC_OPTIMIZATION_LEVEL = 0;
				GCC_PREPROCESSOR_DEFINITIONS = (
					"DEBUG=1",
					"$(inherited)",
				);
				GCC_SYMBOLS_PRIVATE_EXTERN = NO;
				GCC_WARN_64_TO_32_BIT_CONVERSION = YES;
				GCC_WARN_ABOUT_RETURN_TYPE = YES_ERROR;
				GCC_WARN_UNDECLARED_SELECTOR = YES;
				GCC_WARN_UNINITIALIZED_AUTOS = YES_AGGRESSIVE;
				GCC_WARN_UNUSED_FUNCTION = YES;
				GCC_WARN_UNUSED_VARIABLE = YES;
				IPHONEOS_DEPLOYMENT_TARGET = 8.3;
				MTL_ENABLE_DEBUG_INFO = YES;
				ONLY_ACTIVE_ARCH = YES;
				SDKROOT = iphoneos;
				SWIFT_OPTIMIZATION_LEVEL = "-Onone";
				TARGETED_DEVICE_FAMILY = "1,2";
			};
			name = Debug;
		};
		1B62B5771AF74D200025BB73 /* Release */ = {
			isa = XCBuildConfiguration;
			buildSettings = {
				ALWAYS_SEARCH_USER_PATHS = NO;
				CLANG_CXX_LANGUAGE_STANDARD = "gnu++0x";
				CLANG_CXX_LIBRARY = "libc++";
				CLANG_ENABLE_MODULES = YES;
				CLANG_ENABLE_OBJC_ARC = YES;
				CLANG_WARN_BOOL_CONVERSION = YES;
				CLANG_WARN_CONSTANT_CONVERSION = YES;
				CLANG_WARN_DIRECT_OBJC_ISA_USAGE = YES_ERROR;
				CLANG_WARN_EMPTY_BODY = YES;
				CLANG_WARN_ENUM_CONVERSION = YES;
				CLANG_WARN_INT_CONVERSION = YES;
				CLANG_WARN_OBJC_ROOT_CLASS = YES_ERROR;
				CLANG_WARN_UNREACHABLE_CODE = YES;
				CLANG_WARN__DUPLICATE_METHOD_MATCH = YES;
				"CODE_SIGN_IDENTITY[sdk=iphoneos*]" = "iPhone Developer";
				COPY_PHASE_STRIP = NO;
				DEBUG_INFORMATION_FORMAT = "dwarf-with-dsym";
				ENABLE_NS_ASSERTIONS = NO;
				ENABLE_STRICT_OBJC_MSGSEND = YES;
				GCC_C_LANGUAGE_STANDARD = gnu99;
				GCC_NO_COMMON_BLOCKS = YES;
				GCC_WARN_64_TO_32_BIT_CONVERSION = YES;
				GCC_WARN_ABOUT_RETURN_TYPE = YES_ERROR;
				GCC_WARN_UNDECLARED_SELECTOR = YES;
				GCC_WARN_UNINITIALIZED_AUTOS = YES_AGGRESSIVE;
				GCC_WARN_UNUSED_FUNCTION = YES;
				GCC_WARN_UNUSED_VARIABLE = YES;
				IPHONEOS_DEPLOYMENT_TARGET = 8.3;
				MTL_ENABLE_DEBUG_INFO = NO;
				SDKROOT = iphoneos;
				TARGETED_DEVICE_FAMILY = "1,2";
				VALIDATE_PRODUCT = YES;
			};
			name = Release;
		};
		1B62B5791AF74D200025BB73 /* Debug */ = {
			isa = XCBuildConfiguration;
			buildSettings = {
				ASSETCATALOG_COMPILER_APPICON_NAME = AppIcon;
				INFOPLIST_FILE = ObjectiveCinSwift/Info.plist;
				LD_RUNPATH_SEARCH_PATHS = "$(inherited) @executable_path/Frameworks";
				PRODUCT_NAME = "$(TARGET_NAME)";
			};
			name = Debug;
		};
		1B62B57A1AF74D200025BB73 /* Release */ = {
			isa = XCBuildConfiguration;
			buildSettings = {
				ASSETCATALOG_COMPILER_APPICON_NAME = AppIcon;
				INFOPLIST_FILE = ObjectiveCinSwift/Info.plist;
				LD_RUNPATH_SEARCH_PATHS = "$(inherited) @executable_path/Frameworks";
				PRODUCT_NAME = "$(TARGET_NAME)";
			};
			name = Release;
		};
		1B62B57C1AF74D200025BB73 /* Debug */ = {
			isa = XCBuildConfiguration;
			buildSettings = {
				BUNDLE_LOADER = "$(TEST_HOST)";
				FRAMEWORK_SEARCH_PATHS = (
					"$(SDKROOT)/Developer/Library/Frameworks",
					"$(inherited)",
				);
				GCC_PREPROCESSOR_DEFINITIONS = (
					"DEBUG=1",
					"$(inherited)",
				);
				INFOPLIST_FILE = ObjectiveCinSwiftTests/Info.plist;
				LD_RUNPATH_SEARCH_PATHS = "$(inherited) @executable_path/Frameworks @loader_path/Frameworks";
				PRODUCT_NAME = "$(TARGET_NAME)";
				TEST_HOST = "$(BUILT_PRODUCTS_DIR)/ObjectiveCinSwift.app/ObjectiveCinSwift";
			};
			name = Debug;
		};
		1B62B57D1AF74D200025BB73 /* Release */ = {
			isa = XCBuildConfiguration;
			buildSettings = {
				BUNDLE_LOADER = "$(TEST_HOST)";
				FRAMEWORK_SEARCH_PATHS = (
					"$(SDKROOT)/Developer/Library/Frameworks",
					"$(inherited)",
				);
				INFOPLIST_FILE = ObjectiveCinSwiftTests/Info.plist;
				LD_RUNPATH_SEARCH_PATHS = "$(inherited) @executable_path/Frameworks @loader_path/Frameworks";
				PRODUCT_NAME = "$(TARGET_NAME)";
				TEST_HOST = "$(BUILT_PRODUCTS_DIR)/ObjectiveCinSwift.app/ObjectiveCinSwift";
			};
			name = Release;
		};
/* End XCBuildConfiguration section */

/* Begin XCConfigurationList section */
		1B62B5541AF74D1F0025BB73 /* Build configuration list for PBXProject "ObjectiveCinSwift" */ = {
			isa = XCConfigurationList;
			buildConfigurations = (
				1B62B5761AF74D200025BB73 /* Debug */,
				1B62B5771AF74D200025BB73 /* Release */,
			);
			defaultConfigurationIsVisible = 0;
			defaultConfigurationName = Release;
		};
		1B62B5781AF74D200025BB73 /* Build configuration list for PBXNativeTarget "ObjectiveCinSwift" */ = {
			isa = XCConfigurationList;
			buildConfigurations = (
				1B62B5791AF74D200025BB73 /* Debug */,
				1B62B57A1AF74D200025BB73 /* Release */,
			);
			defaultConfigurationIsVisible = 0;
		};
		1B62B57B1AF74D200025BB73 /* Build configuration list for PBXNativeTarget "ObjectiveCinSwiftTests" */ = {
			isa = XCConfigurationList;
			buildConfigurations = (
				1B62B57C1AF74D200025BB73 /* Debug */,
				1B62B57D1AF74D200025BB73 /* Release */,
			);
			defaultConfigurationIsVisible = 0;
		};
/* End XCConfigurationList section */
	};
	rootObject = 1B62B5511AF74D1F0025BB73 /* Project object */;
}
